{
  "pins" : [
    {
      "identity" : "calendarkit",
      "kind" : "remoteSourceControl",
      "location" : "https://github.com/richardtop/CalendarKit.git",
      "state" : {
        "revision" : "03bdad645a8d4b64a73859f8a71d6ceec49fb0cf",
        "version" : "1.1.4"
      }
    }
  ],
  "version" : 2
}
