{
  "object": {
    "pins": [
      {
        "package": "CalendarKit",
        "repositoryURL": "https://github.com/richardtop/CalendarKit.git",
        "state": {
          "branch": null,
          "revision": "4452265e023c772f94b82a489185aaba47222c44",
          "version": "1.1.0"
        }
      }
    ]
  },
  "version": 1
}
